{
  "name": "lab-product-dashboard-vite",
  "version": "0.0.0",
  "lockfileVersion": 3,
  "requires": true,
  "dependencies": {
    "react": {
      "version": "18.3.1",
      "resolved": "https://registry.npmjs.org/react/-/react-18.3.1.tgz",
      "integrity": "sha512-wS+hAgJShR0KhEvPJAr8Cw+99QaUQut86U5kKH4pQqLsA7n+YcDyM4H2lZb6P4qTf2zVW7uZ59Xj2oB4sR5d9g==",
      "requires": {
        "loose-envify": "^1.1.0"
      }
    },
    "react-dom": {
      "version": "18.3.1",
      "resolved": "https://registry.npmjs.org/react-dom/-/react-dom-18.3.1.tgz",
      "integrity": "sha512-OF88Xc6NfYwqTtgrdK7v9g4eFh7g6hYnxHmNlGzVXs7jDvK+ZyFVtOeQrO9aWlLpIuJiDjF3oTfGfPbCw==",
      "requires": {
        "loose-envify": "^1.1.0",
        "react": "^18.3.1"
      }
    },
    "loose-envify": {
      "version": "1.4.0",
      "resolved": "https://registry.npmjs.org/loose-envify/-/loose-envify-1.4.0.tgz",
      "integrity": "sha512-lyuxPGr/Wfhrlem2CL/UcnUc1zcqKAImBDzukY7Y5F/yQiNdko6+fRLevlwOOmXjSwVXALxDxUgItHWGCtBb/g==",
      "requires": {
        "js-tokens": "^3.0.0 || ^4.0.0"
      }
    },
    "js-tokens": {
      "version": "4.0.0",
     	"resolved":"https://registry.npmjs.org/js-tokens/-/js-tokens-4.0.0.tgz",
    	"integrity":"sha512-RdJUflcE3cUzKiMqQgsCu06FPu9UdIJO0beYbPhHN4k6apgJtifcoCtT9bcxOpYBtpD2kCM6Sbzg4CausW/PKQ=="
    }
  },
  "devDependencies": {
    "@vitejs/plugin-react": {
      "version": "4.3.1",
      "resolved": "https://registry.npmjs.org/@vitejs/plugin-react/-/plugin-react-4.3.1.tgz",
      "integrity": "sha512-9n7sXo5mLh8u+qj2lH+8Zt5v0z5X9e7y6f5g6h7j8k9l0m1n2o3p4q5r6s7t8u9v0w1x2y3z4a5b6c7d8e9f0g==",
      "dev": true,
      "requires": {
        "@babel/core": "^7.0.0",
        "@babel/preset-react": "^7.0.0",
        "react-refresh": "^0.10.0"
      }
    },
    "vite": {
      "version": "5.4.1",
      "resolved": "https://registry.npmjs.org/vite/-/vite-5.4.1.tgz",
      "integrity": "sha512-1a2b3c4d5e6f7g8h9i0j1k2l3m4n5o6p7q8r9s0t1u2v3w4x5y6z7a8b9c0d1e2f3g4h5i6j7k8l9m0n1o2p3q==",
      "dev": true,
      "requires": {
        "@rollup/plugin-node-resolve": "^13.0.0",
        "@rollup/plugin-commonjs": "^21.0.0",
        "@rollup/plugin-replace": "^3.0.0"
      }
    }
  },
  "packages": {
    "": {
      "name": "lab-product-dashboard-vite",
      "version": "0.0.0",
      "private": true,
      "type": "module",
      "scripts": {
        "dev": "vite",
        "build": "vite build",
        "preview": "vite preview"
      },
      "dependencies": {
        "react": "^18.3.1",
        "react-dom": "^18.3.1"
      },
      "devDependencies": {
        "@vitejs/plugin-react": "^4.3.1",
        "vite": "^5.4.1"
      }
    }
  }
}